// !$*UTF8*$!
{
	archiveVersion = 1;
	classes = {
	};
	objectVersion = 48;
	objects = {

/* Begin PBXBuildFile section */
		0198777E223CB9C800E04408 /* AppDelegate.m in Sources */ = {isa = PBXBuildFile; fileRef = 0198777D223CB9C800E04408 /* AppDelegate.m */; };
		01987781223CB9C800E04408 /* ViewController.m in Sources */ = {isa = PBXBuildFile; fileRef = 01987780223CB9C800E04408 /* ViewController.m */; };
		01987784223CB9C800E04408 /* Main.storyboard in Resources */ = {isa = PBXBuildFile; fileRef = 01987782223CB9C800E04408 /* Main.storyboard */; };
		01987786223CB9C800E04408 /* Assets.xcassets in Resources */ = {isa = PBXBuildFile; fileRef = 01987785223CB9C800E04408 /* Assets.xcassets */; };
		01987789223CB9C800E04408 /* LaunchScreen.storyboard in Resources */ = {isa = PBXBuildFile; fileRef = 01987787223CB9C800E04408 /* LaunchScreen.storyboard */; };
		0198778C223CB9C800E04408 /* main.m in Sources */ = {isa = PBXBuildFile; fileRef = 0198778B223CB9C800E04408 /* main.m */; };
		01987796223CB9C800E04408 /* Assignment2Tests.m in Sources */ = {isa = PBXBuildFile; fileRef = 01987795223CB9C800E04408 /* Assignment2Tests.m */; };
		019877A1223CB9C800E04408 /* Assignment2UITests.m in Sources */ = {isa = PBXBuildFile; fileRef = 019877A0223CB9C800E04408 /* Assignment2UITests.m */; };
		01F40DA222465059007CC91A /* SecondViewController.m in Sources */ = {isa = PBXBuildFile; fileRef = 01F40DA122465059007CC91A /* SecondViewController.m */; };
/* End PBXBuildFile section */

/* Begin PBXContainerItemProxy section */
		01987792223CB9C800E04408 /* PBXContainerItemProxy */ = {
			isa = PBXContainerItemProxy;
			containerPortal = 01987771223CB9C800E04408 /* Project object */;
			proxyType = 1;
			remoteGlobalIDString = 01987778223CB9C800E04408;
			remoteInfo = Assignment2;
		};
		0198779D223CB9C800E04408 /* PBXContainerItemProxy */ = {
			isa = PBXContainerItemProxy;
			containerPortal = 01987771223CB9C800E04408 /* Project object */;
			proxyType = 1;
			remoteGlobalIDString = 01987778223CB9C800E04408;
			remoteInfo = Assignment2;
		};
/* End PBXContainerItemProxy section */

/* Begin PBXFileReference section */
		01987779223CB9C800E04408 /* Assignment2.app */ = {isa = PBXFileReference; explicitFileType = wrapper.application; includeInIndex = 0; path = Assignment2.app; sourceTree = BUILT_PRODUCTS_DIR; };
		0198777C223CB9C800E04408 /* AppDelegate.h */ = {isa = PBXFileReference; lastKnownFileType = sourcecode.c.h; path = AppDelegate.h; sourceTree = "<group>"; };
		0198777D223CB9C800E04408 /* AppDelegate.m */ = {isa = PBXFileReference; lastKnownFileType = sourcecode.c.objc; path = AppDelegate.m; sourceTree = "<group>"; };
		0198777F223CB9C800E04408 /* ViewController.h */ = {isa = PBXFileReference; lastKnownFileType = sourcecode.c.h; path = ViewController.h; sourceTree = "<group>"; };
		01987780223CB9C800E04408 /* ViewController.m */ = {isa = PBXFileReference; lastKnownFileType = sourcecode.c.objc; path = ViewController.m; sourceTree = "<group>"; };
		01987783223CB9C800E04408 /* Base */ = {isa = PBXFileReference; lastKnownFileType = file.storyboard; name = Base; path = Base.lproj/Main.storyboard; sourceTree = "<group>"; };
		01987785223CB9C800E04408 /* Assets.xcassets */ = {isa = PBXFileReference; lastKnownFileType = folder.assetcatalog; path = Assets.xcassets; sourceTree = "<group>"; };
		01987788223CB9C800E04408 /* Base */ = {isa = PBXFileReference; lastKnownFileType = file.storyboard; name = Base; path = Base.lproj/LaunchScreen.storyboard; sourceTree = "<group>"; };
		0198778A223CB9C800E04408 /* Info.plist */ = {isa = PBXFileReference; lastKnownFileType = text.plist.xml; path = Info.plist; sourceTree = "<group>"; };
		0198778B223CB9C800E04408 /* main.m */ = {isa = PBXFileReference; lastKnownFileType = sourcecode.c.objc; path = main.m; sourceTree = "<group>"; };
		01987791223CB9C800E04408 /* Assignment2Tests.xctest */ = {isa = PBXFileReference; explicitFileType = wrapper.cfbundle; includeInIndex = 0; path = Assignment2Tests.xctest; sourceTree = BUILT_PRODUCTS_DIR; };
		01987795223CB9C800E04408 /* Assignment2Tests.m */ = {isa = PBXFileReference; lastKnownFileType = sourcecode.c.objc; path = Assignment2Tests.m; sourceTree = "<group>"; };
		01987797223CB9C800E04408 /* Info.plist */ = {isa = PBXFileReference; lastKnownFileType = text.plist.xml; path = Info.plist; sourceTree = "<group>"; };
		0198779C223CB9C800E04408 /* Assignment2UITests.xctest */ = {isa = PBXFileReference; explicitFileType = wrapper.cfbundle; includeInIndex = 0; path = Assignment2UITests.xctest; sourceTree = BUILT_PRODUCTS_DIR; };
		019877A0223CB9C800E04408 /* Assignment2UITests.m */ = {isa = PBXFileReference; lastKnownFileType = sourcecode.c.objc; path = Assignment2UITests.m; sourceTree = "<group>"; };
		019877A2223CB9C800E04408 /* Info.plist */ = {isa = PBXFileReference; lastKnownFileType = text.plist.xml; path = Info.plist; sourceTree = "<group>"; };
		01F40DA022465059007CC91A /* SecondViewController.h */ = {isa = PBXFileReference; lastKnownFileType = sourcecode.c.h; path = SecondViewController.h; sourceTree = "<group>"; };
		01F40DA122465059007CC91A /* SecondViewController.m */ = {isa = PBXFileReference; lastKnownFileType = sourcecode.c.objc; path = SecondViewController.m; sourceTree = "<group>"; };
/* End PBXFileReference section */

/* Begin PBXFrameworksBuildPhase section */
		01987776223CB9C800E04408 /* Frameworks */ = {
			isa = PBXFrameworksBuildPhase;
			buildActionMask = 2147483647;
			files = (
			);
			runOnlyForDeploymentPostprocessing = 0;
		};
		0198778E223CB9C800E04408 /* Frameworks */ = {
			isa = PBXFrameworksBuildPhase;
			buildActionMask = 2147483647;
			files = (
			);
			runOnlyForDeploymentPostprocessing = 0;
		};
		01987799223CB9C800E04408 /* Frameworks */ = {
			isa = PBXFrameworksBuildPhase;
			buildActionMask = 2147483647;
			files = (
			);
			runOnlyForDeploymentPostprocessing = 0;
		};
/* End PBXFrameworksBuildPhase section */

/* Begin PBXGroup section */
		01987770223CB9C800E04408 = {
			isa = PBXGroup;
			children = (
				0198777B223CB9C800E04408 /* Assignment2 */,
				01987794223CB9C800E04408 /* Assignment2Tests */,
				0198779F223CB9C800E04408 /* Assignment2UITests */,
				0198777A223CB9C800E04408 /* Products */,
			);
			sourceTree = "<group>";
		};
		0198777A223CB9C800E04408 /* Products */ = {
			isa = PBXGroup;
			children = (
				01987779223CB9C800E04408 /* Assignment2.app */,
				01987791223CB9C800E04408 /* Assignment2Tests.xctest */,
				0198779C223CB9C800E04408 /* Assignment2UITests.xctest */,
			);
			name = Products;
			sourceTree = "<group>";
		};
		0198777B223CB9C800E04408 /* Assignment2 */ = {
			isa = PBXGroup;
			children = (
				0198777C223CB9C800E04408 /* AppDelegate.h */,
				0198777D223CB9C800E04408 /* AppDelegate.m */,
				0198777F223CB9C800E04408 /* ViewController.h */,
				01987780223CB9C800E04408 /* ViewController.m */,
				01987782223CB9C800E04408 /* Main.storyboard */,
				01987785223CB9C800E04408 /* Assets.xcassets */,
				01987787223CB9C800E04408 /* LaunchScreen.storyboard */,
				0198778A223CB9C800E04408 /* Info.plist */,
				0198778B223CB9C800E04408 /* main.m */,
				01F40DA022465059007CC91A /* SecondViewController.h */,
				01F40DA122465059007CC91A /* SecondViewController.m */,
			);
			path = Assignment2;
			sourceTree = "<group>";
		};
		01987794223CB9C800E04408 /* Assignment2Tests */ = {
			isa = PBXGroup;
			children = (
				01987795223CB9C800E04408 /* Assignment2Tests.m */,
				01987797223CB9C800E04408 /* Info.plist */,
			);
			path = Assignment2Tests;
			sourceTree = "<group>";
		};
		0198779F223CB9C800E04408 /* Assignment2UITests */ = {
			isa = PBXGroup;
			children = (
				019877A0223CB9C800E04408 /* Assignment2UITests.m */,
				019877A2223CB9C800E04408 /* Info.plist */,
			);
			path = Assignment2UITests;
			sourceTree = "<group>";
		};
/* End PBXGroup section */

/* Begin PBXNativeTarget section */
		01987778223CB9C800E04408 /* Assignment2 */ = {
			isa = PBXNativeTarget;
			buildConfigurationList = 019877A5223CB9C800E04408 /* Build configuration list for PBXNativeTarget "Assignment2" */;
			buildPhases = (
				01987775223CB9C800E04408 /* Sources */,
				01987776223CB9C800E04408 /* Frameworks */,
				01987777223CB9C800E04408 /* Resources */,
			);
			buildRules = (
			);
			dependencies = (
			);
			name = Assignment2;
			productName = Assignment2;
			productReference = 01987779223CB9C800E04408 /* Assignment2.app */;
			productType = "com.apple.product-type.application";
		};
		01987790223CB9C800E04408 /* Assignment2Tests */ = {
			isa = PBXNativeTarget;
			buildConfigurationList = 019877A8223CB9C800E04408 /* Build configuration list for PBXNativeTarget "Assignment2Tests" */;
			buildPhases = (
				0198778D223CB9C800E04408 /* Sources */,
				0198778E223CB9C800E04408 /* Frameworks */,
				0198778F223CB9C800E04408 /* Resources */,
			);
			buildRules = (
			);
			dependencies = (
				01987793223CB9C800E04408 /* PBXTargetDependency */,
			);
			name = Assignment2Tests;
			productName = Assignment2Tests;
			productReference = 01987791223CB9C800E04408 /* Assignment2Tests.xctest */;
			productType = "com.apple.product-type.bundle.unit-test";
		};
		0198779B223CB9C800E04408 /* Assignment2UITests */ = {
			isa = PBXNativeTarget;
			buildConfigurationList = 019877AB223CB9C800E04408 /* Build configuration list for PBXNativeTarget "Assignment2UITests" */;
			buildPhases = (
				01987798223CB9C800E04408 /* Sources */,
				01987799223CB9C800E04408 /* Frameworks */,
				0198779A223CB9C800E04408 /* Resources */,
			);
			buildRules = (
			);
			dependencies = (
				0198779E223CB9C800E04408 /* PBXTargetDependency */,
			);
			name = Assignment2UITests;
			productName = Assignment2UITests;
			productReference = 0198779C223CB9C800E04408 /* Assignment2UITests.xctest */;
			productType = "com.apple.product-type.bundle.ui-testing";
		};
/* End PBXNativeTarget section */

/* Begin PBXProject section */
		01987771223CB9C800E04408 /* Project object */ = {
			isa = PBXProject;
			attributes = {
				LastUpgradeCheck = 0920;
				ORGANIZATIONNAME = Roshan;
				TargetAttributes = {
					01987778223CB9C800E04408 = {
						CreatedOnToolsVersion = 9.2;
						ProvisioningStyle = Automatic;
					};
					01987790223CB9C800E04408 = {
						CreatedOnToolsVersion = 9.2;
						ProvisioningStyle = Automatic;
						TestTargetID = 01987778223CB9C800E04408;
					};
					0198779B223CB9C800E04408 = {
						CreatedOnToolsVersion = 9.2;
						ProvisioningStyle = Automatic;
						TestTargetID = 01987778223CB9C800E04408;
					};
				};
			};
			buildConfigurationList = 01987774223CB9C800E04408 /* Build configuration list for PBXProject "Assignment2" */;
			compatibilityVersion = "Xcode 8.0";
			developmentRegion = en;
			hasScannedForEncodings = 0;
			knownRegions = (
				en,
				Base,
			);
			mainGroup = 01987770223CB9C800E04408;
			productRefGroup = 0198777A223CB9C800E04408 /* Products */;
			projectDirPath = "";
			projectRoot = "";
			targets = (
				01987778223CB9C800E04408 /* Assignment2 */,
				01987790223CB9C800E04408 /* Assignment2Tests */,
				0198779B223CB9C800E04408 /* Assignment2UITests */,
			);
		};
/* End PBXProject section */

/* Begin PBXResourcesBuildPhase section */
		01987777223CB9C800E04408 /* Resources */ = {
			isa = PBXResourcesBuildPhase;
			buildActionMask = 2147483647;
			files = (
				01987789223CB9C800E04408 /* LaunchScreen.storyboard in Resources */,
				01987786223CB9C800E04408 /* Assets.xcassets in Resources */,
				01987784223CB9C800E04408 /* Main.storyboard in Resources */,
			);
			runOnlyForDeploymentPostprocessing = 0;
		};
		0198778F223CB9C800E04408 /* Resources */ = {
			isa = PBXResourcesBuildPhase;
			buildActionMask = 2147483647;
			files = (
			);
			runOnlyForDeploymentPostprocessing = 0;
		};
		0198779A223CB9C800E04408 /* Resources */ = {
			isa = PBXResourcesBuildPhase;
			buildActionMask = 2147483647;
			files = (
			);
			runOnlyForDeploymentPostprocessing = 0;
		};
/* End PBXResourcesBuildPhase section */

/* Begin PBXSourcesBuildPhase section */
		01987775223CB9C800E04408 /* Sources */ = {
			isa = PBXSourcesBuildPhase;
			buildActionMask = 2147483647;
			files = (
				01F40DA222465059007CC91A /* SecondViewController.m in Sources */,
				01987781223CB9C800E04408 /* ViewController.m in Sources */,
				0198778C223CB9C800E04408 /* main.m in Sources */,
				0198777E223CB9C800E04408 /* AppDelegate.m in Sources */,
			);
			runOnlyForDeploymentPostprocessing = 0;
		};
		0198778D223CB9C800E04408 /* Sources */ = {
			isa = PBXSourcesBuildPhase;
			buildActionMask = 2147483647;
			files = (
				01987796223CB9C800E04408 /* Assignment2Tests.m in Sources */,
			);
			runOnlyForDeploymentPostprocessing = 0;
		};
		01987798223CB9C800E04408 /* Sources */ = {
			isa = PBXSourcesBuildPhase;
			buildActionMask = 2147483647;
			files = (
				019877A1223CB9C800E04408 /* Assignment2UITests.m in Sources */,
			);
			runOnlyForDeploymentPostprocessing = 0;
		};
/* End PBXSourcesBuildPhase section */

/* Begin PBXTargetDependency section */
		01987793223CB9C800E04408 /* PBXTargetDependency */ = {
			isa = PBXTargetDependency;
			target = 01987778223CB9C800E04408 /* Assignment2 */;
			targetProxy = 01987792223CB9C800E04408 /* PBXContainerItemProxy */;
		};
		0198779E223CB9C800E04408 /* PBXTargetDependency */ = {
			isa = PBXTargetDependency;
			target = 01987778223CB9C800E04408 /* Assignment2 */;
			targetProxy = 0198779D223CB9C800E04408 /* PBXContainerItemProxy */;
		};
/* End PBXTargetDependency section */

/* Begin PBXVariantGroup section */
		01987782223CB9C800E04408 /* Main.storyboard */ = {
			isa = PBXVariantGroup;
			children = (
				01987783223CB9C800E04408 /* Base */,
			);
			name = Main.storyboard;
			sourceTree = "<group>";
		};
		01987787223CB9C800E04408 /* LaunchScreen.storyboard */ = {
			isa = PBXVariantGroup;
			children = (
				01987788223CB9C800E04408 /* Base */,
			);
			name = LaunchScreen.storyboard;
			sourceTree = "<group>";
		};
/* End PBXVariantGroup section */

/* Begin XCBuildConfiguration section */
		019877A3223CB9C800E04408 /* Debug */ = {
			isa = XCBuildConfiguration;
			buildSettings = {
				ALWAYS_SEARCH_USER_PATHS = NO;
				CLANG_ANALYZER_NONNULL = YES;
				CLANG_ANALYZER_NUMBER_OBJECT_CONVERSION = YES_AGGRESSIVE;
				CLANG_CXX_LANGUAGE_STANDARD = "gnu++14";
				CLANG_CXX_LIBRARY = "libc++";
				CLANG_ENABLE_MODULES = YES;
				CLANG_ENABLE_OBJC_ARC = YES;
				CLANG_WARN_BLOCK_CAPTURE_AUTORELEASING = YES;
				CLANG_WARN_BOOL_CONVERSION = YES;
				CLANG_WARN_COMMA = YES;
				CLANG_WARN_CONSTANT_CONVERSION = YES;
				CLANG_WARN_DIRECT_OBJC_ISA_USAGE = YES_ERROR;
				CLANG_WARN_DOCUMENTATION_COMMENTS = YES;
				CLANG_WARN_EMPTY_BODY = YES;
				CLANG_WARN_ENUM_CONVERSION = YES;
				CLANG_WARN_INFINITE_RECURSION = YES;
				CLANG_WARN_INT_CONVERSION = YES;
				CLANG_WARN_NON_LITERAL_NULL_CONVERSION = YES;
				CLANG_WARN_OBJC_LITERAL_CONVERSION = YES;
				CLANG_WARN_OBJC_ROOT_CLASS = YES_ERROR;
				CLANG_WARN_RANGE_LOOP_ANALYSIS = YES;
				CLANG_WARN_STRICT_PROTOTYPES = YES;
				CLANG_WARN_SUSPICIOUS_MOVE = YES;
				CLANG_WARN_UNGUARDED_AVAILABILITY = YES_AGGRESSIVE;
				CLANG_WARN_UNREACHABLE_CODE = YES;
				CLANG_WARN__DUPLICATE_METHOD_MATCH = YES;
				CODE_SIGN_IDENTITY = "iPhone Developer";
				COPY_PHASE_STRIP = NO;
				DEBUG_INFORMATION_FORMAT = dwarf;
				ENABLE_STRICT_OBJC_MSGSEND = YES;
				ENABLE_TESTABILITY = YES;
				GCC_C_LANGUAGE_STANDARD = gnu11;
				GCC_DYNAMIC_NO_PIC = NO;
				GCC_NO_COMMON_BLOCKS = YES;
				GCC_OPTIMIZATION_LEVEL = 0;
				GCC_PREPROCESSOR_DEFINITIONS = (
					"DEBUG=1",
					"$(inherited)",
				);
				GCC_WARN_64_TO_32_BIT_CONVERSION = YES;
				GCC_WARN_ABOUT_RETURN_TYPE = YES_ERROR;
				GCC_WARN_UNDECLARED_SELECTOR = YES;
				GCC_WARN_UNINITIALIZED_AUTOS = YES_AGGRESSIVE;
				GCC_WARN_UNUSED_FUNCTION = YES;
				GCC_WARN_UNUSED_VARIABLE = YES;
				IPHONEOS_DEPLOYMENT_TARGET = 11.2;
				MTL_ENABLE_DEBUG_INFO = YES;
				ONLY_ACTIVE_ARCH = YES;
				SDKROOT = iphoneos;
			};
			name = Debug;
		};
		019877A4223CB9C800E04408 /* Release */ = {
			isa = XCBuildConfiguration;
			buildSettings = {
				ALWAYS_SEARCH_USER_PATHS = NO;
				CLANG_ANALYZER_NONNULL = YES;
				CLANG_ANALYZER_NUMBER_OBJECT_CONVERSION = YES_AGGRESSIVE;
				CLANG_CXX_LANGUAGE_STANDARD = "gnu++14";
				CLANG_CXX_LIBRARY = "libc++";
				CLANG_ENABLE_MODULES = YES;
				CLANG_ENABLE_OBJC_ARC = YES;
				CLANG_WARN_BLOCK_CAPTURE_AUTORELEASING = YES;
				CLANG_WARN_BOOL_CONVERSION = YES;
				CLANG_WARN_COMMA = YES;
				CLANG_WARN_CONSTANT_CONVERSION = YES;
				CLANG_WARN_DIRECT_OBJC_ISA_USAGE = YES_ERROR;
				CLANG_WARN_DOCUMENTATION_COMMENTS = YES;
				CLANG_WARN_EMPTY_BODY = YES;
				CLANG_WARN_ENUM_CONVERSION = YES;
				CLANG_WARN_INFINITE_RECURSION = YES;
				CLANG_WARN_INT_CONVERSION = YES;
				CLANG_WARN_NON_LITERAL_NULL_CONVERSION = YES;
				CLANG_WARN_OBJC_LITERAL_CONVERSION = YES;
				CLANG_WARN_OBJC_ROOT_CLASS = YES_ERROR;
				CLANG_WARN_RANGE_LOOP_ANALYSIS = YES;
				CLANG_WARN_STRICT_PROTOTYPES = YES;
				CLANG_WARN_SUSPICIOUS_MOVE = YES;
				CLANG_WARN_UNGUARDED_AVAILABILITY = YES_AGGRESSIVE;
				CLANG_WARN_UNREACHABLE_CODE = YES;
				CLANG_WARN__DUPLICATE_METHOD_MATCH = YES;
				CODE_SIGN_IDENTITY = "iPhone Developer";
				COPY_PHASE_STRIP = NO;
				DEBUG_INFORMATION_FORMAT = "dwarf-with-dsym";
				ENABLE_NS_ASSERTIONS = NO;
				ENABLE_STRICT_OBJC_MSGSEND = YES;
				GCC_C_LANGUAGE_STANDARD = gnu11;
				GCC_NO_COMMON_BLOCKS = YES;
				GCC_WARN_64_TO_32_BIT_CONVERSION = YES;
				GCC_WARN_ABOUT_RETURN_TYPE = YES_ERROR;
				GCC_WARN_UNDECLARED_SELECTOR = YES;
				GCC_WARN_UNINITIALIZED_AUTOS = YES_AGGRESSIVE;
				GCC_WARN_UNUSED_FUNCTION = YES;
				GCC_WARN_UNUSED_VARIABLE = YES;
				IPHONEOS_DEPLOYMENT_TARGET = 11.2;
				MTL_ENABLE_DEBUG_INFO = NO;
				SDKROOT = iphoneos;
				VALIDATE_PRODUCT = YES;
			};
			name = Release;
		};
		019877A6223CB9C800E04408 /* Debug */ = {
			isa = XCBuildConfiguration;
			buildSettings = {
				ASSETCATALOG_COMPILER_APPICON_NAME = AppIcon;
				CODE_SIGN_STYLE = Automatic;
				INFOPLIST_FILE = Assignment2/Info.plist;
				LD_RUNPATH_SEARCH_PATHS = "$(inherited) @executable_path/Frameworks";
				PRODUCT_BUNDLE_IDENTIFIER = Promact.Assignment2;
				PRODUCT_NAME = "$(TARGET_NAME)";
				TARGETED_DEVICE_FAMILY = "1,2";
			};
			name = Debug;
		};
		019877A7223CB9C800E04408 /* Release */ = {
			isa = XCBuildConfiguration;
			buildSettings = {
				ASSETCATALOG_COMPILER_APPICON_NAME = AppIcon;
				CODE_SIGN_STYLE = Automatic;
				INFOPLIST_FILE = Assignment2/Info.plist;
				LD_RUNPATH_SEARCH_PATHS = "$(inherited) @executable_path/Frameworks";
				PRODUCT_BUNDLE_IDENTIFIER = Promact.Assignment2;
				PRODUCT_NAME = "$(TARGET_NAME)";
				TARGETED_DEVICE_FAMILY = "1,2";
			};
			name = Release;
		};
		019877A9223CB9C800E04408 /* Debug */ = {
			isa = XCBuildConfiguration;
			buildSettings = {
				BUNDLE_LOADER = "$(TEST_HOST)";
				CODE_SIGN_STYLE = Automatic;
				INFOPLIST_FILE = Assignment2Tests/Info.plist;
				LD_RUNPATH_SEARCH_PATHS = "$(inherited) @executable_path/Frameworks @loader_path/Frameworks";
				PRODUCT_BUNDLE_IDENTIFIER = Promact.Assignment2Tests;
				PRODUCT_NAME = "$(TARGET_NAME)";
				TARGETED_DEVICE_FAMILY = "1,2";
				TEST_HOST = "$(BUILT_PRODUCTS_DIR)/Assignment2.app/Assignment2";
			};
			name = Debug;
		};
		019877AA223CB9C800E04408 /* Release */ = {
			isa = XCBuildConfiguration;
			buildSettings = {
				BUNDLE_LOADER = "$(TEST_HOST)";
				CODE_SIGN_STYLE = Automatic;
				INFOPLIST_FILE = Assignment2Tests/Info.plist;
				LD_RUNPATH_SEARCH_PATHS = "$(inherited) @executable_path/Frameworks @loader_path/Frameworks";
				PRODUCT_BUNDLE_IDENTIFIER = Promact.Assignment2Tests;
				PRODUCT_NAME = "$(TARGET_NAME)";
				TARGETED_DEVICE_FAMILY = "1,2";
				TEST_HOST = "$(BUILT_PRODUCTS_DIR)/Assignment2.app/Assignment2";
			};
			name = Release;
		};
		019877AC223CB9C800E04408 /* Debug */ = {
			isa = XCBuildConfiguration;
			buildSettings = {
				CODE_SIGN_STYLE = Automatic;
				INFOPLIST_FILE = Assignment2UITests/Info.plist;
				LD_RUNPATH_SEARCH_PATHS = "$(inherited) @executable_path/Frameworks @loader_path/Frameworks";
				PRODUCT_BUNDLE_IDENTIFIER = Promact.Assignment2UITests;
				PRODUCT_NAME = "$(TARGET_NAME)";
				TARGETED_DEVICE_FAMILY = "1,2";
				TEST_TARGET_NAME = Assignment2;
			};
			name = Debug;
		};
		019877AD223CB9C800E04408 /* Release */ = {
			isa = XCBuildConfiguration;
			buildSettings = {
				CODE_SIGN_STYLE = Automatic;
				INFOPLIST_FILE = Assignment2UITests/Info.plist;
				LD_RUNPATH_SEARCH_PATHS = "$(inherited) @executable_path/Frameworks @loader_path/Frameworks";
				PRODUCT_BUNDLE_IDENTIFIER = Promact.Assignment2UITests;
				PRODUCT_NAME = "$(TARGET_NAME)";
				TARGETED_DEVICE_FAMILY = "1,2";
				TEST_TARGET_NAME = Assignment2;
			};
			name = Release;
		};
/* End XCBuildConfiguration section */

/* Begin XCConfigurationList section */
		01987774223CB9C800E04408 /* Build configuration list for PBXProject "Assignment2" */ = {
			isa = XCConfigurationList;
			buildConfigurations = (
				019877A3223CB9C800E04408 /* Debug */,
				019877A4223CB9C800E04408 /* Release */,
			);
			defaultConfigurationIsVisible = 0;
			defaultConfigurationName = Release;
		};
		019877A5223CB9C800E04408 /* Build configuration list for PBXNativeTarget "Assignment2" */ = {
			isa = XCConfigurationList;
			buildConfigurations = (
				019877A6223CB9C800E04408 /* Debug */,
				019877A7223CB9C800E04408 /* Release */,
			);
			defaultConfigurationIsVisible = 0;
			defaultConfigurationName = Release;
		};
		019877A8223CB9C800E04408 /* Build configuration list for PBXNativeTarget "Assignment2Tests" */ = {
			isa = XCConfigurationList;
			buildConfigurations = (
				019877A9223CB9C800E04408 /* Debug */,
				019877AA223CB9C800E04408 /* Release */,
			);
			defaultConfigurationIsVisible = 0;
			defaultConfigurationName = Release;
		};
		019877AB223CB9C800E04408 /* Build configuration list for PBXNativeTarget "Assignment2UITests" */ = {
			isa = XCConfigurationList;
			buildConfigurations = (
				019877AC223CB9C800E04408 /* Debug */,
				019877AD223CB9C800E04408 /* Release */,
			);
			defaultConfigurationIsVisible = 0;
			defaultConfigurationName = Release;
		};
/* End XCConfigurationList section */
	};
	rootObject = 01987771223CB9C800E04408 /* Project object */;
}
